
Microsoft Visual Studio Solution File, Format Version 12.00
# Visual Studio 15
VisualStudioVersion = 15.0.27130.2027
MinimumVisualStudioVersion = 10.0.40219.1
Project("{FAE04EC0-301F-11D3-BF4B-00C04F79EFBC}") = "SoundIOSharp", "SoundIOSharp\SoundIOSharp.csproj", "{58C68CE0-324E-4369-8E7D-1C657E5CC99F}"
EndProject
Project("{2150E333-8FDC-42A3-9474-1A3956D46DE8}") = "Samples", "Samples", "{913EBFDB-E1B7-4078-A1DA-3B9991CA99D1}"
EndProject
Project("{FAE04EC0-301F-11D3-BF4B-00C04F79EFBC}") = "SoundIOSine", "Samples\SoundIOSine\SoundIOSine.csproj", "{40F1D667-0620-4C85-B467-3B7D5394831E}"
EndProject
Project("{FAE04EC0-301F-11D3-BF4B-00C04F79EFBC}") = "SoundIORecord", "Samples\SoundIORecord\SoundIORecord.csproj", "{13884FBC-C2C5-4C38-953C-3CB92A074286}"
EndProject
Project("{FAE04EC0-301F-11D3-BF4B-00C04F79EFBC}") = "SoundIOListDevices", "Samples\SoundIOListDevices\SoundIOListDevices.csproj", "{070946A7-AF61-4F0F-8EA9-D6D4769FD22D}"
EndProject
Global
	GlobalSection(SolutionConfigurationPlatforms) = preSolution
		Debug|Any CPU = Debug|Any CPU
		Debug|x64 = Debug|x64
		Debug|x86 = Debug|x86
		Release|Any CPU = Release|Any CPU
		Release|x64 = Release|x64
		Release|x86 = Release|x86
	EndGlobalSection
	GlobalSection(ProjectConfigurationPlatforms) = postSolution
		{58C68CE0-324E-4369-8E7D-1C657E5CC99F}.Debug|Any CPU.ActiveCfg = Debug|Any CPU
		{58C68CE0-324E-4369-8E7D-1C657E5CC99F}.Debug|Any CPU.Build.0 = Debug|Any CPU
		{58C68CE0-324E-4369-8E7D-1C657E5CC99F}.Debug|x64.ActiveCfg = Debug|Any CPU
		{58C68CE0-324E-4369-8E7D-1C657E5CC99F}.Debug|x64.Build.0 = Debug|Any CPU
		{58C68CE0-324E-4369-8E7D-1C657E5CC99F}.Debug|x86.ActiveCfg = Debug|Any CPU
		{58C68CE0-324E-4369-8E7D-1C657E5CC99F}.Debug|x86.Build.0 = Debug|Any CPU
		{58C68CE0-324E-4369-8E7D-1C657E5CC99F}.Release|Any CPU.ActiveCfg = Release|Any CPU
		{58C68CE0-324E-4369-8E7D-1C657E5CC99F}.Release|Any CPU.Build.0 = Release|Any CPU
		{58C68CE0-324E-4369-8E7D-1C657E5CC99F}.Release|x64.ActiveCfg = Release|Any CPU
		{58C68CE0-324E-4369-8E7D-1C657E5CC99F}.Release|x64.Build.0 = Release|Any CPU
		{58C68CE0-324E-4369-8E7D-1C657E5CC99F}.Release|x86.ActiveCfg = Release|Any CPU
		{58C68CE0-324E-4369-8E7D-1C657E5CC99F}.Release|x86.Build.0 = Release|Any CPU
		{40F1D667-0620-4C85-B467-3B7D5394831E}.Debug|Any CPU.ActiveCfg = Debug|Any CPU
		{40F1D667-0620-4C85-B467-3B7D5394831E}.Debug|Any CPU.Build.0 = Debug|Any CPU
		{40F1D667-0620-4C85-B467-3B7D5394831E}.Debug|x64.ActiveCfg = Debug|Any CPU
		{40F1D667-0620-4C85-B467-3B7D5394831E}.Debug|x64.Build.0 = Debug|Any CPU
		{40F1D667-0620-4C85-B467-3B7D5394831E}.Debug|x86.ActiveCfg = Debug|Any CPU
		{40F1D667-0620-4C85-B467-3B7D5394831E}.Debug|x86.Build.0 = Debug|Any CPU
		{40F1D667-0620-4C85-B467-3B7D5394831E}.Release|Any CPU.ActiveCfg = Release|Any CPU
		{40F1D667-0620-4C85-B467-3B7D5394831E}.Release|Any CPU.Build.0 = Release|Any CPU
		{40F1D667-0620-4C85-B467-3B7D5394831E}.Release|x64.ActiveCfg = Release|Any CPU
		{40F1D667-0620-4C85-B467-3B7D5394831E}.Release|x64.Build.0 = Release|Any CPU
		{40F1D667-0620-4C85-B467-3B7D5394831E}.Release|x86.ActiveCfg = Release|Any CPU
		{40F1D667-0620-4C85-B467-3B7D5394831E}.Release|x86.Build.0 = Release|Any CPU
		{13884FBC-C2C5-4C38-953C-3CB92A074286}.Debug|Any CPU.ActiveCfg = Debug|Any CPU
		{13884FBC-C2C5-4C38-953C-3CB92A074286}.Debug|Any CPU.Build.0 = Debug|Any CPU
		{13884FBC-C2C5-4C38-953C-3CB92A074286}.Debug|x64.ActiveCfg = Debug|Any CPU
		{13884FBC-C2C5-4C38-953C-3CB92A074286}.Debug|x64.Build.0 = Debug|Any CPU
		{13884FBC-C2C5-4C38-953C-3CB92A074286}.Debug|x86.ActiveCfg = Debug|Any CPU
		{13884FBC-C2C5-4C38-953C-3CB92A074286}.Debug|x86.Build.0 = Debug|Any CPU
		{13884FBC-C2C5-4C38-953C-3CB92A074286}.Release|Any CPU.ActiveCfg = Release|Any CPU
		{13884FBC-C2C5-4C38-953C-3CB92A074286}.Release|Any CPU.Build.0 = Release|Any CPU
		{13884FBC-C2C5-4C38-953C-3CB92A074286}.Release|x64.ActiveCfg = Release|Any CPU
		{13884FBC-C2C5-4C38-953C-3CB92A074286}.Release|x64.Build.0 = Release|Any CPU
		{13884FBC-C2C5-4C38-953C-3CB92A074286}.Release|x86.ActiveCfg = Release|Any CPU
		{13884FBC-C2C5-4C38-953C-3CB92A074286}.Release|x86.Build.0 = Release|Any CPU
		{070946A7-AF61-4F0F-8EA9-D6D4769FD22D}.Debug|Any CPU.ActiveCfg = Debug|Any CPU
		{070946A7-AF61-4F0F-8EA9-D6D4769FD22D}.Debug|Any CPU.Build.0 = Debug|Any CPU
		{070946A7-AF61-4F0F-8EA9-D6D4769FD22D}.Debug|x64.ActiveCfg = Debug|Any CPU
		{070946A7-AF61-4F0F-8EA9-D6D4769FD22D}.Debug|x64.Build.0 = Debug|Any CPU
		{070946A7-AF61-4F0F-8EA9-D6D4769FD22D}.Debug|x86.ActiveCfg = Debug|Any CPU
		{070946A7-AF61-4F0F-8EA9-D6D4769FD22D}.Debug|x86.Build.0 = Debug|Any CPU
		{070946A7-AF61-4F0F-8EA9-D6D4769FD22D}.Release|Any CPU.ActiveCfg = Release|Any CPU
		{070946A7-AF61-4F0F-8EA9-D6D4769FD22D}.Release|Any CPU.Build.0 = Release|Any CPU
		{070946A7-AF61-4F0F-8EA9-D6D4769FD22D}.Release|x64.ActiveCfg = Release|Any CPU
		{070946A7-AF61-4F0F-8EA9-D6D4769FD22D}.Release|x64.Build.0 = Release|Any CPU
		{070946A7-AF61-4F0F-8EA9-D6D4769FD22D}.Release|x86.ActiveCfg = Release|Any CPU
		{070946A7-AF61-4F0F-8EA9-D6D4769FD22D}.Release|x86.Build.0 = Release|Any CPU
	EndGlobalSection
	GlobalSection(SolutionProperties) = preSolution
		HideSolutionNode = FALSE
	EndGlobalSection
	GlobalSection(NestedProjects) = preSolution
		{40F1D667-0620-4C85-B467-3B7D5394831E} = {913EBFDB-E1B7-4078-A1DA-3B9991CA99D1}
		{13884FBC-C2C5-4C38-953C-3CB92A074286} = {913EBFDB-E1B7-4078-A1DA-3B9991CA99D1}
		{070946A7-AF61-4F0F-8EA9-D6D4769FD22D} = {913EBFDB-E1B7-4078-A1DA-3B9991CA99D1}
	EndGlobalSection
	GlobalSection(ExtensibilityGlobals) = postSolution
		SolutionGuid = {2076EB8D-7759-4BF6-892B-BAEA421F8A16}
	EndGlobalSection
EndGlobal
